
Microsoft Visual Studio Solution File, Format Version 12.00
# Visual Studio Version 17
VisualStudioVersion = 17.2.32616.157
MinimumVisualStudioVersion = 10.0.40219.1
Project("{888888A0-9F3D-457C-B088-3A5042F75D52}") = "loomit_server", "loomit_server\loomit_server.pyproj", "{A57760EA-54C5-4F9D-A620-F2739D566E3F}"
EndProject
Global
	GlobalSection(SolutionConfigurationPlatforms) = preSolution
		Debug|Any CPU = Debug|Any CPU
		Release|Any CPU = Release|Any CPU
	EndGlobalSection
	GlobalSection(ProjectConfigurationPlatforms) = postSolution
		{A57760EA-54C5-4F9D-A620-F2739D566E3F}.Debug|Any CPU.ActiveCfg = Debug|Any CPU
		{A57760EA-54C5-4F9D-A620-F2739D566E3F}.Debug|Any CPU.Build.0 = Debug|Any CPU
		{A57760EA-54C5-4F9D-A620-F2739D566E3F}.Release|Any CPU.ActiveCfg = Release|Any CPU
		{A57760EA-54C5-4F9D-A620-F2739D566E3F}.Release|Any CPU.Build.0 = Release|Any CPU
	EndGlobalSection
	GlobalSection(SolutionProperties) = preSolution
		HideSolutionNode = FALSE
	EndGlobalSection
	GlobalSection(ExtensibilityGlobals) = postSolution
		SolutionGuid = {F6022AB8-6FCF-4386-ACB1-0CB87A4D9FF5}
	EndGlobalSection
EndGlobal
